// !$*UTF8*$!
{
	archiveVersion = 1;
	classes = {
	};
	objectVersion = 46;
	objects = {

/* Begin PBXBuildFile section */
		9A05D1DF16D70165007621F1 /* UIKit.framework in Frameworks */ = {isa = PBXBuildFile; fileRef = 9A05D1DE16D70165007621F1 /* UIKit.framework */; };
		9A05D1E116D70165007621F1 /* Foundation.framework in Frameworks */ = {isa = PBXBuildFile; fileRef = 9A05D1E016D70165007621F1 /* Foundation.framework */; };
		9A05D1E316D70165007621F1 /* CoreGraphics.framework in Frameworks */ = {isa = PBXBuildFile; fileRef = 9A05D1E216D70165007621F1 /* CoreGraphics.framework */; };
		9A05D1E916D70165007621F1 /* InfoPlist.strings in Resources */ = {isa = PBXBuildFile; fileRef = 9A05D1E716D70165007621F1 /* InfoPlist.strings */; };
		9A05D1EB16D70165007621F1 /* main.m in Sources */ = {isa = PBXBuildFile; fileRef = 9A05D1EA16D70165007621F1 /* main.m */; };
		9A05D1EF16D70165007621F1 /* ATHAppDelegate.m in Sources */ = {isa = PBXBuildFile; fileRef = 9A05D1EE16D70165007621F1 /* ATHAppDelegate.m */; };
		9A05D1F116D70165007621F1 /* Default.png in Resources */ = {isa = PBXBuildFile; fileRef = 9A05D1F016D70165007621F1 /* Default.png */; };
		9A05D1F316D70165007621F1 /* Default@2x.png in Resources */ = {isa = PBXBuildFile; fileRef = 9A05D1F216D70165007621F1 /* Default@2x.png */; };
		9A05D1F516D70165007621F1 /* Default-568h@2x.png in Resources */ = {isa = PBXBuildFile; fileRef = 9A05D1F416D70165007621F1 /* Default-568h@2x.png */; };
		9A05D1F816D70165007621F1 /* MainStoryboard.storyboard in Resources */ = {isa = PBXBuildFile; fileRef = 9A05D1F616D70165007621F1 /* MainStoryboard.storyboard */; };
		9A05D1FB16D70165007621F1 /* ATHViewController.m in Sources */ = {isa = PBXBuildFile; fileRef = 9A05D1FA16D70165007621F1 /* ATHViewController.m */; };
		9AE599F816D7064300F4B9A3 /* MapKit.framework in Frameworks */ = {isa = PBXBuildFile; fileRef = 9AE599F716D7064300F4B9A3 /* MapKit.framework */; };
		9AE599FA16D70F2700F4B9A3 /* QuartzCore.framework in Frameworks */ = {isa = PBXBuildFile; fileRef = 9AE599F916D70F2700F4B9A3 /* QuartzCore.framework */; };
		9AE59A0F16D71ADD00F4B9A3 /* AFHTTPClient.m in Sources */ = {isa = PBXBuildFile; fileRef = 9AE599FD16D71ADD00F4B9A3 /* AFHTTPClient.m */; };
		9AE59A1016D71ADD00F4B9A3 /* AFHTTPRequestOperation.m in Sources */ = {isa = PBXBuildFile; fileRef = 9AE599FF16D71ADD00F4B9A3 /* AFHTTPRequestOperation.m */; };
		9AE59A1116D71ADD00F4B9A3 /* AFImageRequestOperation.m in Sources */ = {isa = PBXBuildFile; fileRef = 9AE59A0116D71ADD00F4B9A3 /* AFImageRequestOperation.m */; };
		9AE59A1216D71ADD00F4B9A3 /* AFJSONRequestOperation.m in Sources */ = {isa = PBXBuildFile; fileRef = 9AE59A0316D71ADD00F4B9A3 /* AFJSONRequestOperation.m */; };
		9AE59A1316D71ADD00F4B9A3 /* AFNetworkActivityIndicatorManager.m in Sources */ = {isa = PBXBuildFile; fileRef = 9AE59A0516D71ADD00F4B9A3 /* AFNetworkActivityIndicatorManager.m */; };
		9AE59A1416D71ADD00F4B9A3 /* AFPropertyListRequestOperation.m in Sources */ = {isa = PBXBuildFile; fileRef = 9AE59A0816D71ADD00F4B9A3 /* AFPropertyListRequestOperation.m */; };
		9AE59A1516D71ADD00F4B9A3 /* AFURLConnectionOperation.m in Sources */ = {isa = PBXBuildFile; fileRef = 9AE59A0A16D71ADD00F4B9A3 /* AFURLConnectionOperation.m */; };
		9AE59A1616D71ADD00F4B9A3 /* AFXMLRequestOperation.m in Sources */ = {isa = PBXBuildFile; fileRef = 9AE59A0C16D71ADD00F4B9A3 /* AFXMLRequestOperation.m */; };
		9AE59A1716D71ADD00F4B9A3 /* UIImageView+AFNetworking.m in Sources */ = {isa = PBXBuildFile; fileRef = 9AE59A0E16D71ADD00F4B9A3 /* UIImageView+AFNetworking.m */; };
		9AE59A1A16D71B0900F4B9A3 /* ATHNetworkClient.m in Sources */ = {isa = PBXBuildFile; fileRef = 9AE59A1916D71B0900F4B9A3 /* ATHNetworkClient.m */; };
		9AE59A1D16D71D2000F4B9A3 /* ATHSmell.m in Sources */ = {isa = PBXBuildFile; fileRef = 9AE59A1C16D71D2000F4B9A3 /* ATHSmell.m */; };
/* End PBXBuildFile section */

/* Begin PBXFileReference section */
		9A05D1DB16D70165007621F1 /* Smap.app */ = {isa = PBXFileReference; explicitFileType = wrapper.application; includeInIndex = 0; path = Smap.app; sourceTree = BUILT_PRODUCTS_DIR; };
		9A05D1DE16D70165007621F1 /* UIKit.framework */ = {isa = PBXFileReference; lastKnownFileType = wrapper.framework; name = UIKit.framework; path = System/Library/Frameworks/UIKit.framework; sourceTree = SDKROOT; };
		9A05D1E016D70165007621F1 /* Foundation.framework */ = {isa = PBXFileReference; lastKnownFileType = wrapper.framework; name = Foundation.framework; path = System/Library/Frameworks/Foundation.framework; sourceTree = SDKROOT; };
		9A05D1E216D70165007621F1 /* CoreGraphics.framework */ = {isa = PBXFileReference; lastKnownFileType = wrapper.framework; name = CoreGraphics.framework; path = System/Library/Frameworks/CoreGraphics.framework; sourceTree = SDKROOT; };
		9A05D1E616D70165007621F1 /* Smap-Info.plist */ = {isa = PBXFileReference; lastKnownFileType = text.plist.xml; path = "Smap-Info.plist"; sourceTree = "<group>"; };
		9A05D1E816D70165007621F1 /* en */ = {isa = PBXFileReference; lastKnownFileType = text.plist.strings; name = en; path = en.lproj/InfoPlist.strings; sourceTree = "<group>"; };
		9A05D1EA16D70165007621F1 /* main.m */ = {isa = PBXFileReference; lastKnownFileType = sourcecode.c.objc; path = main.m; sourceTree = "<group>"; };
		9A05D1EC16D70165007621F1 /* Smap-Prefix.pch */ = {isa = PBXFileReference; lastKnownFileType = sourcecode.c.h; path = "Smap-Prefix.pch"; sourceTree = "<group>"; };
		9A05D1ED16D70165007621F1 /* ATHAppDelegate.h */ = {isa = PBXFileReference; lastKnownFileType = sourcecode.c.h; path = ATHAppDelegate.h; sourceTree = "<group>"; };
		9A05D1EE16D70165007621F1 /* ATHAppDelegate.m */ = {isa = PBXFileReference; lastKnownFileType = sourcecode.c.objc; path = ATHAppDelegate.m; sourceTree = "<group>"; };
		9A05D1F016D70165007621F1 /* Default.png */ = {isa = PBXFileReference; lastKnownFileType = image.png; path = Default.png; sourceTree = "<group>"; };
		9A05D1F216D70165007621F1 /* Default@2x.png */ = {isa = PBXFileReference; lastKnownFileType = image.png; path = "Default@2x.png"; sourceTree = "<group>"; };
		9A05D1F416D70165007621F1 /* Default-568h@2x.png */ = {isa = PBXFileReference; lastKnownFileType = image.png; path = "Default-568h@2x.png"; sourceTree = "<group>"; };
		9A05D1F716D70165007621F1 /* en */ = {isa = PBXFileReference; lastKnownFileType = file.storyboard; name = en; path = en.lproj/MainStoryboard.storyboard; sourceTree = "<group>"; };
		9A05D1F916D70165007621F1 /* ATHViewController.h */ = {isa = PBXFileReference; lastKnownFileType = sourcecode.c.h; path = ATHViewController.h; sourceTree = "<group>"; };
		9A05D1FA16D70165007621F1 /* ATHViewController.m */ = {isa = PBXFileReference; lastKnownFileType = sourcecode.c.objc; path = ATHViewController.m; sourceTree = "<group>"; };
		9AE599F716D7064300F4B9A3 /* MapKit.framework */ = {isa = PBXFileReference; lastKnownFileType = wrapper.framework; name = MapKit.framework; path = System/Library/Frameworks/MapKit.framework; sourceTree = SDKROOT; };
		9AE599F916D70F2700F4B9A3 /* QuartzCore.framework */ = {isa = PBXFileReference; lastKnownFileType = wrapper.framework; name = QuartzCore.framework; path = System/Library/Frameworks/QuartzCore.framework; sourceTree = SDKROOT; };
		9AE599FC16D71ADD00F4B9A3 /* AFHTTPClient.h */ = {isa = PBXFileReference; fileEncoding = 4; lastKnownFileType = sourcecode.c.h; path = AFHTTPClient.h; sourceTree = "<group>"; };
		9AE599FD16D71ADD00F4B9A3 /* AFHTTPClient.m */ = {isa = PBXFileReference; fileEncoding = 4; lastKnownFileType = sourcecode.c.objc; path = AFHTTPClient.m; sourceTree = "<group>"; };
		9AE599FE16D71ADD00F4B9A3 /* AFHTTPRequestOperation.h */ = {isa = PBXFileReference; fileEncoding = 4; lastKnownFileType = sourcecode.c.h; path = AFHTTPRequestOperation.h; sourceTree = "<group>"; };
		9AE599FF16D71ADD00F4B9A3 /* AFHTTPRequestOperation.m */ = {isa = PBXFileReference; fileEncoding = 4; lastKnownFileType = sourcecode.c.objc; path = AFHTTPRequestOperation.m; sourceTree = "<group>"; };
		9AE59A0016D71ADD00F4B9A3 /* AFImageRequestOperation.h */ = {isa = PBXFileReference; fileEncoding = 4; lastKnownFileType = sourcecode.c.h; path = AFImageRequestOperation.h; sourceTree = "<group>"; };
		9AE59A0116D71ADD00F4B9A3 /* AFImageRequestOperation.m */ = {isa = PBXFileReference; fileEncoding = 4; lastKnownFileType = sourcecode.c.objc; path = AFImageRequestOperation.m; sourceTree = "<group>"; };
		9AE59A0216D71ADD00F4B9A3 /* AFJSONRequestOperation.h */ = {isa = PBXFileReference; fileEncoding = 4; lastKnownFileType = sourcecode.c.h; path = AFJSONRequestOperation.h; sourceTree = "<group>"; };
		9AE59A0316D71ADD00F4B9A3 /* AFJSONRequestOperation.m */ = {isa = PBXFileReference; fileEncoding = 4; lastKnownFileType = sourcecode.c.objc; path = AFJSONRequestOperation.m; sourceTree = "<group>"; };
		9AE59A0416D71ADD00F4B9A3 /* AFNetworkActivityIndicatorManager.h */ = {isa = PBXFileReference; fileEncoding = 4; lastKnownFileType = sourcecode.c.h; path = AFNetworkActivityIndicatorManager.h; sourceTree = "<group>"; };
		9AE59A0516D71ADD00F4B9A3 /* AFNetworkActivityIndicatorManager.m */ = {isa = PBXFileReference; fileEncoding = 4; lastKnownFileType = sourcecode.c.objc; path = AFNetworkActivityIndicatorManager.m; sourceTree = "<group>"; };
		9AE59A0616D71ADD00F4B9A3 /* AFNetworking.h */ = {isa = PBXFileReference; fileEncoding = 4; lastKnownFileType = sourcecode.c.h; path = AFNetworking.h; sourceTree = "<group>"; };
		9AE59A0716D71ADD00F4B9A3 /* AFPropertyListRequestOperation.h */ = {isa = PBXFileReference; fileEncoding = 4; lastKnownFileType = sourcecode.c.h; path = AFPropertyListRequestOperation.h; sourceTree = "<group>"; };
		9AE59A0816D71ADD00F4B9A3 /* AFPropertyListRequestOperation.m */ = {isa = PBXFileReference; fileEncoding = 4; lastKnownFileType = sourcecode.c.objc; path = AFPropertyListRequestOperation.m; sourceTree = "<group>"; };
		9AE59A0916D71ADD00F4B9A3 /* AFURLConnectionOperation.h */ = {isa = PBXFileReference; fileEncoding = 4; lastKnownFileType = sourcecode.c.h; path = AFURLConnectionOperation.h; sourceTree = "<group>"; };
		9AE59A0A16D71ADD00F4B9A3 /* AFURLConnectionOperation.m */ = {isa = PBXFileReference; fileEncoding = 4; lastKnownFileType = sourcecode.c.objc; path = AFURLConnectionOperation.m; sourceTree = "<group>"; };
		9AE59A0B16D71ADD00F4B9A3 /* AFXMLRequestOperation.h */ = {isa = PBXFileReference; fileEncoding = 4; lastKnownFileType = sourcecode.c.h; path = AFXMLRequestOperation.h; sourceTree = "<group>"; };
		9AE59A0C16D71ADD00F4B9A3 /* AFXMLRequestOperation.m */ = {isa = PBXFileReference; fileEncoding = 4; lastKnownFileType = sourcecode.c.objc; path = AFXMLRequestOperation.m; sourceTree = "<group>"; };
		9AE59A0D16D71ADD00F4B9A3 /* UIImageView+AFNetworking.h */ = {isa = PBXFileReference; fileEncoding = 4; lastKnownFileType = sourcecode.c.h; path = "UIImageView+AFNetworking.h"; sourceTree = "<group>"; };
		9AE59A0E16D71ADD00F4B9A3 /* UIImageView+AFNetworking.m */ = {isa = PBXFileReference; fileEncoding = 4; lastKnownFileType = sourcecode.c.objc; path = "UIImageView+AFNetworking.m"; sourceTree = "<group>"; };
		9AE59A1816D71B0900F4B9A3 /* ATHNetworkClient.h */ = {isa = PBXFileReference; fileEncoding = 4; lastKnownFileType = sourcecode.c.h; path = ATHNetworkClient.h; sourceTree = "<group>"; };
		9AE59A1916D71B0900F4B9A3 /* ATHNetworkClient.m */ = {isa = PBXFileReference; fileEncoding = 4; lastKnownFileType = sourcecode.c.objc; path = ATHNetworkClient.m; sourceTree = "<group>"; };
		9AE59A1B16D71D2000F4B9A3 /* ATHSmell.h */ = {isa = PBXFileReference; fileEncoding = 4; lastKnownFileType = sourcecode.c.h; path = ATHSmell.h; sourceTree = "<group>"; };
		9AE59A1C16D71D2000F4B9A3 /* ATHSmell.m */ = {isa = PBXFileReference; fileEncoding = 4; lastKnownFileType = sourcecode.c.objc; path = ATHSmell.m; sourceTree = "<group>"; };
		B5ECB37816D7174F00C11E71 /* ATHLogASmellViewController.h */ = {isa = PBXFileReference; fileEncoding = 4; lastKnownFileType = sourcecode.c.h; path = ATHLogASmellViewController.h; sourceTree = "<group>"; };
		B5ECB37916D7174F00C11E71 /* ATHLogASmellViewController.m */ = {isa = PBXFileReference; fileEncoding = 4; lastKnownFileType = sourcecode.c.objc; path = ATHLogASmellViewController.m; sourceTree = "<group>"; };
/* End PBXFileReference section */

/* Begin PBXFrameworksBuildPhase section */
		9A05D1D816D70165007621F1 /* Frameworks */ = {
			isa = PBXFrameworksBuildPhase;
			buildActionMask = 2147483647;
			files = (
				9AE599FA16D70F2700F4B9A3 /* QuartzCore.framework in Frameworks */,
				9AE599F816D7064300F4B9A3 /* MapKit.framework in Frameworks */,
				9A05D1DF16D70165007621F1 /* UIKit.framework in Frameworks */,
				9A05D1E116D70165007621F1 /* Foundation.framework in Frameworks */,
				9A05D1E316D70165007621F1 /* CoreGraphics.framework in Frameworks */,
			);
			runOnlyForDeploymentPostprocessing = 0;
		};
/* End PBXFrameworksBuildPhase section */

/* Begin PBXGroup section */
		9A05D1D216D70164007621F1 = {
			isa = PBXGroup;
			children = (
				9A05D1E416D70165007621F1 /* Smap */,
				9A05D1DD16D70165007621F1 /* Frameworks */,
				9A05D1DC16D70165007621F1 /* Products */,
			);
			sourceTree = "<group>";
		};
		9A05D1DC16D70165007621F1 /* Products */ = {
			isa = PBXGroup;
			children = (
				9A05D1DB16D70165007621F1 /* Smap.app */,
			);
			name = Products;
			sourceTree = "<group>";
		};
		9A05D1DD16D70165007621F1 /* Frameworks */ = {
			isa = PBXGroup;
			children = (
				9AE599F916D70F2700F4B9A3 /* QuartzCore.framework */,
				9AE599F716D7064300F4B9A3 /* MapKit.framework */,
				9A05D1DE16D70165007621F1 /* UIKit.framework */,
				9A05D1E016D70165007621F1 /* Foundation.framework */,
				9A05D1E216D70165007621F1 /* CoreGraphics.framework */,
			);
			name = Frameworks;
			sourceTree = "<group>";
		};
		9A05D1E416D70165007621F1 /* Smap */ = {
			isa = PBXGroup;
			children = (
				9A05D1ED16D70165007621F1 /* ATHAppDelegate.h */,
				9A05D1EE16D70165007621F1 /* ATHAppDelegate.m */,
				9A05D1F616D70165007621F1 /* MainStoryboard.storyboard */,
				9A05D1F916D70165007621F1 /* ATHViewController.h */,
				9A05D1FA16D70165007621F1 /* ATHViewController.m */,
				9AE59A1B16D71D2000F4B9A3 /* ATHSmell.h */,
				9AE59A1C16D71D2000F4B9A3 /* ATHSmell.m */,
				9AE59A1816D71B0900F4B9A3 /* ATHNetworkClient.h */,
				9AE59A1916D71B0900F4B9A3 /* ATHNetworkClient.m */,
				9AE599FB16D71ADD00F4B9A3 /* AFNetworking */,
				9A05D1E516D70165007621F1 /* Supporting Files */,
			);
			path = Smap;
			sourceTree = "<group>";
		};
		9A05D1E516D70165007621F1 /* Supporting Files */ = {
			isa = PBXGroup;
			children = (
				9A05D1E616D70165007621F1 /* Smap-Info.plist */,
				9A05D1E716D70165007621F1 /* InfoPlist.strings */,
				9A05D1EA16D70165007621F1 /* main.m */,
				9A05D1EC16D70165007621F1 /* Smap-Prefix.pch */,
				9A05D1F016D70165007621F1 /* Default.png */,
				9A05D1F216D70165007621F1 /* Default@2x.png */,
				9A05D1F416D70165007621F1 /* Default-568h@2x.png */,
			);
			name = "Supporting Files";
			sourceTree = "<group>";
		};
		9AE599FB16D71ADD00F4B9A3 /* AFNetworking */ = {
			isa = PBXGroup;
			children = (
				9AE599FC16D71ADD00F4B9A3 /* AFHTTPClient.h */,
				9AE599FD16D71ADD00F4B9A3 /* AFHTTPClient.m */,
				9AE599FE16D71ADD00F4B9A3 /* AFHTTPRequestOperation.h */,
				9AE599FF16D71ADD00F4B9A3 /* AFHTTPRequestOperation.m */,
				9AE59A0016D71ADD00F4B9A3 /* AFImageRequestOperation.h */,
				9AE59A0116D71ADD00F4B9A3 /* AFImageRequestOperation.m */,
				9AE59A0216D71ADD00F4B9A3 /* AFJSONRequestOperation.h */,
				9AE59A0316D71ADD00F4B9A3 /* AFJSONRequestOperation.m */,
				9AE59A0416D71ADD00F4B9A3 /* AFNetworkActivityIndicatorManager.h */,
				9AE59A0516D71ADD00F4B9A3 /* AFNetworkActivityIndicatorManager.m */,
				9AE59A0616D71ADD00F4B9A3 /* AFNetworking.h */,
				9AE59A0716D71ADD00F4B9A3 /* AFPropertyListRequestOperation.h */,
				9AE59A0816D71ADD00F4B9A3 /* AFPropertyListRequestOperation.m */,
				9AE59A0916D71ADD00F4B9A3 /* AFURLConnectionOperation.h */,
				9AE59A0A16D71ADD00F4B9A3 /* AFURLConnectionOperation.m */,
				9AE59A0B16D71ADD00F4B9A3 /* AFXMLRequestOperation.h */,
				9AE59A0C16D71ADD00F4B9A3 /* AFXMLRequestOperation.m */,
				9AE59A0D16D71ADD00F4B9A3 /* UIImageView+AFNetworking.h */,
				9AE59A0E16D71ADD00F4B9A3 /* UIImageView+AFNetworking.m */,
			);
			name = AFNetworking;
			path = AFNetworking/AFNetworking;
			sourceTree = SOURCE_ROOT;
		};
/* End PBXGroup section */

/* Begin PBXNativeTarget section */
		9A05D1DA16D70165007621F1 /* Smap */ = {
			isa = PBXNativeTarget;
			buildConfigurationList = 9A05D1FE16D70165007621F1 /* Build configuration list for PBXNativeTarget "Smap" */;
			buildPhases = (
				9A05D1D716D70165007621F1 /* Sources */,
				9A05D1D816D70165007621F1 /* Frameworks */,
				9A05D1D916D70165007621F1 /* Resources */,
			);
			buildRules = (
			);
			dependencies = (
			);
			name = Smap;
			productName = Smap;
			productReference = 9A05D1DB16D70165007621F1 /* Smap.app */;
			productType = "com.apple.product-type.application";
		};
/* End PBXNativeTarget section */

/* Begin PBXProject section */
		9A05D1D316D70164007621F1 /* Project object */ = {
			isa = PBXProject;
			attributes = {
				CLASSPREFIX = ATH;
				LastUpgradeCheck = 0460;
				ORGANIZATIONNAME = Athensworks;
			};
			buildConfigurationList = 9A05D1D616D70164007621F1 /* Build configuration list for PBXProject "Smap" */;
			compatibilityVersion = "Xcode 3.2";
			developmentRegion = English;
			hasScannedForEncodings = 0;
			knownRegions = (
				en,
			);
			mainGroup = 9A05D1D216D70164007621F1;
			productRefGroup = 9A05D1DC16D70165007621F1 /* Products */;
			projectDirPath = "";
			projectRoot = "";
			targets = (
				9A05D1DA16D70165007621F1 /* Smap */,
			);
		};
/* End PBXProject section */

/* Begin PBXResourcesBuildPhase section */
		9A05D1D916D70165007621F1 /* Resources */ = {
			isa = PBXResourcesBuildPhase;
			buildActionMask = 2147483647;
			files = (
				9A05D1E916D70165007621F1 /* InfoPlist.strings in Resources */,
				9A05D1F116D70165007621F1 /* Default.png in Resources */,
				9A05D1F316D70165007621F1 /* Default@2x.png in Resources */,
				9A05D1F516D70165007621F1 /* Default-568h@2x.png in Resources */,
				9A05D1F816D70165007621F1 /* MainStoryboard.storyboard in Resources */,
			);
			runOnlyForDeploymentPostprocessing = 0;
		};
/* End PBXResourcesBuildPhase section */

/* Begin PBXSourcesBuildPhase section */
		9A05D1D716D70165007621F1 /* Sources */ = {
			isa = PBXSourcesBuildPhase;
			buildActionMask = 2147483647;
			files = (
				9A05D1EB16D70165007621F1 /* main.m in Sources */,
				9A05D1EF16D70165007621F1 /* ATHAppDelegate.m in Sources */,
				9A05D1FB16D70165007621F1 /* ATHViewController.m in Sources */,
				9AE59A0F16D71ADD00F4B9A3 /* AFHTTPClient.m in Sources */,
				9AE59A1016D71ADD00F4B9A3 /* AFHTTPRequestOperation.m in Sources */,
				9AE59A1116D71ADD00F4B9A3 /* AFImageRequestOperation.m in Sources */,
				9AE59A1216D71ADD00F4B9A3 /* AFJSONRequestOperation.m in Sources */,
				9AE59A1316D71ADD00F4B9A3 /* AFNetworkActivityIndicatorManager.m in Sources */,
				9AE59A1416D71ADD00F4B9A3 /* AFPropertyListRequestOperation.m in Sources */,
				9AE59A1516D71ADD00F4B9A3 /* AFURLConnectionOperation.m in Sources */,
				9AE59A1616D71ADD00F4B9A3 /* AFXMLRequestOperation.m in Sources */,
				9AE59A1716D71ADD00F4B9A3 /* UIImageView+AFNetworking.m in Sources */,
				9AE59A1A16D71B0900F4B9A3 /* ATHNetworkClient.m in Sources */,
				9AE59A1D16D71D2000F4B9A3 /* ATHSmell.m in Sources */,
				B5ECB37A16D7174F00C11E71 /* ATHLogASmellViewController.m in Sources */,
			);
			runOnlyForDeploymentPostprocessing = 0;
		};
/* End PBXSourcesBuildPhase section */

/* Begin PBXVariantGroup section */
		9A05D1E716D70165007621F1 /* InfoPlist.strings */ = {
			isa = PBXVariantGroup;
			children = (
				9A05D1E816D70165007621F1 /* en */,
			);
			name = InfoPlist.strings;
			sourceTree = "<group>";
		};
		9A05D1F616D70165007621F1 /* MainStoryboard.storyboard */ = {
			isa = PBXVariantGroup;
			children = (
				9A05D1F716D70165007621F1 /* en */,
			);
			name = MainStoryboard.storyboard;
			sourceTree = "<group>";
		};
/* End PBXVariantGroup section */

/* Begin XCBuildConfiguration section */
		9A05D1FC16D70165007621F1 /* Debug */ = {
			isa = XCBuildConfiguration;
			buildSettings = {
				ALWAYS_SEARCH_USER_PATHS = NO;
				CLANG_CXX_LANGUAGE_STANDARD = "gnu++0x";
				CLANG_CXX_LIBRARY = "libc++";
				CLANG_ENABLE_OBJC_ARC = YES;
				CLANG_WARN_CONSTANT_CONVERSION = YES;
				CLANG_WARN_EMPTY_BODY = YES;
				CLANG_WARN_ENUM_CONVERSION = YES;
				CLANG_WARN_INT_CONVERSION = YES;
				CLANG_WARN__DUPLICATE_METHOD_MATCH = YES;
				"CODE_SIGN_IDENTITY[sdk=iphoneos*]" = "iPhone Developer";
				COPY_PHASE_STRIP = NO;
				GCC_C_LANGUAGE_STANDARD = gnu99;
				GCC_DYNAMIC_NO_PIC = NO;
				GCC_OPTIMIZATION_LEVEL = 0;
				GCC_PREPROCESSOR_DEFINITIONS = (
					"DEBUG=1",
					"$(inherited)",
				);
				GCC_SYMBOLS_PRIVATE_EXTERN = NO;
				GCC_WARN_ABOUT_RETURN_TYPE = YES;
				GCC_WARN_UNINITIALIZED_AUTOS = YES;
				GCC_WARN_UNUSED_VARIABLE = YES;
				IPHONEOS_DEPLOYMENT_TARGET = 6.1;
				ONLY_ACTIVE_ARCH = YES;
				SDKROOT = iphoneos;
			};
			name = Debug;
		};
		9A05D1FD16D70165007621F1 /* Release */ = {
			isa = XCBuildConfiguration;
			buildSettings = {
				ALWAYS_SEARCH_USER_PATHS = NO;
				CLANG_CXX_LANGUAGE_STANDARD = "gnu++0x";
				CLANG_CXX_LIBRARY = "libc++";
				CLANG_ENABLE_OBJC_ARC = YES;
				CLANG_WARN_CONSTANT_CONVERSION = YES;
				CLANG_WARN_EMPTY_BODY = YES;
				CLANG_WARN_ENUM_CONVERSION = YES;
				CLANG_WARN_INT_CONVERSION = YES;
				CLANG_WARN__DUPLICATE_METHOD_MATCH = YES;
				"CODE_SIGN_IDENTITY[sdk=iphoneos*]" = "iPhone Developer";
				COPY_PHASE_STRIP = YES;
				GCC_C_LANGUAGE_STANDARD = gnu99;
				GCC_WARN_ABOUT_RETURN_TYPE = YES;
				GCC_WARN_UNINITIALIZED_AUTOS = YES;
				GCC_WARN_UNUSED_VARIABLE = YES;
				IPHONEOS_DEPLOYMENT_TARGET = 6.1;
				OTHER_CFLAGS = "-DNS_BLOCK_ASSERTIONS=1";
				SDKROOT = iphoneos;
				VALIDATE_PRODUCT = YES;
			};
			name = Release;
		};
		9A05D1FF16D70165007621F1 /* Debug */ = {
			isa = XCBuildConfiguration;
			buildSettings = {
				GCC_PRECOMPILE_PREFIX_HEADER = YES;
				GCC_PREFIX_HEADER = "Smap/Smap-Prefix.pch";
				INFOPLIST_FILE = "Smap/Smap-Info.plist";
				PRODUCT_NAME = "$(TARGET_NAME)";
				WRAPPER_EXTENSION = app;
			};
			name = Debug;
		};
		9A05D20016D70165007621F1 /* Release */ = {
			isa = XCBuildConfiguration;
			buildSettings = {
				GCC_PRECOMPILE_PREFIX_HEADER = YES;
				GCC_PREFIX_HEADER = "Smap/Smap-Prefix.pch";
				INFOPLIST_FILE = "Smap/Smap-Info.plist";
				PRODUCT_NAME = "$(TARGET_NAME)";
				WRAPPER_EXTENSION = app;
			};
			name = Release;
		};
/* End XCBuildConfiguration section */

/* Begin XCConfigurationList section */
		9A05D1D616D70164007621F1 /* Build configuration list for PBXProject "Smap" */ = {
			isa = XCConfigurationList;
			buildConfigurations = (
				9A05D1FC16D70165007621F1 /* Debug */,
				9A05D1FD16D70165007621F1 /* Release */,
			);
			defaultConfigurationIsVisible = 0;
			defaultConfigurationName = Release;
		};
		9A05D1FE16D70165007621F1 /* Build configuration list for PBXNativeTarget "Smap" */ = {
			isa = XCConfigurationList;
			buildConfigurations = (
				9A05D1FF16D70165007621F1 /* Debug */,
				9A05D20016D70165007621F1 /* Release */,
			);
			defaultConfigurationIsVisible = 0;
			defaultConfigurationName = Release;
		};
/* End XCConfigurationList section */
	};
	rootObject = 9A05D1D316D70164007621F1 /* Project object */;
}
